
Microsoft Visual Studio Solution File, Format Version 12.00
# Visual Studio Version 16
VisualStudioVersion = 16.0.32228.343
MinimumVisualStudioVersion = 10.0.40219.1
Project("{FAE04EC0-301F-11D3-BF4B-00C04F79EFBC}") = "quizExamen", "quizExamen\quizExamen.csproj", "{6A6716AC-B520-461D-82D6-76AEF4B63857}"
EndProject
Global
	GlobalSection(SolutionConfigurationPlatforms) = preSolution
		Debug|Any CPU = Debug|Any CPU
		Release|Any CPU = Release|Any CPU
	EndGlobalSection
	GlobalSection(ProjectConfigurationPlatforms) = postSolution
		{6A6716AC-B520-461D-82D6-76AEF4B63857}.Debug|Any CPU.ActiveCfg = Debug|Any CPU
		{6A6716AC-B520-461D-82D6-76AEF4B63857}.Debug|Any CPU.Build.0 = Debug|Any CPU
		{6A6716AC-B520-461D-82D6-76AEF4B63857}.Release|Any CPU.ActiveCfg = Release|Any CPU
		{6A6716AC-B520-461D-82D6-76AEF4B63857}.Release|Any CPU.Build.0 = Release|Any CPU
	EndGlobalSection
	GlobalSection(SolutionProperties) = preSolution
		HideSolutionNode = FALSE
	EndGlobalSection
	GlobalSection(ExtensibilityGlobals) = postSolution
		SolutionGuid = {BC17E88A-4EAA-49FB-BA53-824AAD24E3E4}
	EndGlobalSection
EndGlobal
